// !$*UTF8*$!
{
	archiveVersion = 1;
	classes = {
	};
	objectVersion = 51;
	objects = {

/* Begin PBXBuildFile section */
		3CBF9453982D7342E155A89C /* Pods_GoldTime.framework in Frameworks */ = {isa = PBXBuildFile; fileRef = 54C9F16A0BB674CE89859B66 /* Pods_GoldTime.framework */; };
		6121F8C827A3F60A000EB44B /* TimerPickerTableViewCell.swift in Sources */ = {isa = PBXBuildFile; fileRef = 6121F8C727A3F60A000EB44B /* TimerPickerTableViewCell.swift */; };
		6121F8CA27A3F63A000EB44B /* AddWeekDayTableViewCell.swift in Sources */ = {isa = PBXBuildFile; fileRef = 6121F8C927A3F63A000EB44B /* AddWeekDayTableViewCell.swift */; };
		6121F8CC27A3F64D000EB44B /* AddColorTableViewCell.swift in Sources */ = {isa = PBXBuildFile; fileRef = 6121F8CB27A3F64D000EB44B /* AddColorTableViewCell.swift */; };
		6121F8CE27A3F65F000EB44B /* SaveButtonTableViewCell.swift in Sources */ = {isa = PBXBuildFile; fileRef = 6121F8CD27A3F65F000EB44B /* SaveButtonTableViewCell.swift */; };
		6121F8D127A40B79000EB44B /* HeaderTableviewCell.swift in Sources */ = {isa = PBXBuildFile; fileRef = 6121F8D027A40B79000EB44B /* HeaderTableviewCell.swift */; };
		6121F8D327A466E2000EB44B /* SentColorDelegate.swift in Sources */ = {isa = PBXBuildFile; fileRef = 6121F8D227A466E2000EB44B /* SentColorDelegate.swift */; };
		6121F8D527A46BC5000EB44B /* SentTimerTimeDelegate.swift in Sources */ = {isa = PBXBuildFile; fileRef = 6121F8D427A46BC5000EB44B /* SentTimerTimeDelegate.swift */; };
		6121F8D727A46E10000EB44B /* SentTimerNameDelegate.swift in Sources */ = {isa = PBXBuildFile; fileRef = 6121F8D627A46E10000EB44B /* SentTimerNameDelegate.swift */; };
		6121F8D927A47AF1000EB44B /* SaveButtonDelegate.swift in Sources */ = {isa = PBXBuildFile; fileRef = 6121F8D827A47AF1000EB44B /* SaveButtonDelegate.swift */; };
		6199AB6D279B2918000CFB82 /* TabbarController.swift in Sources */ = {isa = PBXBuildFile; fileRef = 6199AB6C279B2918000CFB82 /* TabbarController.swift */; };
		6199AB70279B2938000CFB82 /* MainRouter.swift in Sources */ = {isa = PBXBuildFile; fileRef = 6199AB6F279B2938000CFB82 /* MainRouter.swift */; };
		6199AB73279B2965000CFB82 /* MainAsseblyModelBuilder.swift in Sources */ = {isa = PBXBuildFile; fileRef = 6199AB72279B2965000CFB82 /* MainAsseblyModelBuilder.swift */; };
		6199AB77279B2A04000CFB82 /* TimerTimeArray.swift in Sources */ = {isa = PBXBuildFile; fileRef = 6199AB76279B2A04000CFB82 /* TimerTimeArray.swift */; };
		6199AB79279B2A1D000CFB82 /* DataStore.swift in Sources */ = {isa = PBXBuildFile; fileRef = 6199AB78279B2A1D000CFB82 /* DataStore.swift */; };
		6199AB7B279B2A35000CFB82 /* TimerStatistics.swift in Sources */ = {isa = PBXBuildFile; fileRef = 6199AB7A279B2A35000CFB82 /* TimerStatistics.swift */; };
		6199AB7E279B2A68000CFB82 /* Extensions.swift in Sources */ = {isa = PBXBuildFile; fileRef = 6199AB7D279B2A68000CFB82 /* Extensions.swift */; };
		6199AB80279B2A85000CFB82 /* TimerStartStopProtocol.swift in Sources */ = {isa = PBXBuildFile; fileRef = 6199AB7F279B2A85000CFB82 /* TimerStartStopProtocol.swift */; };
		6199AB83279B2AA4000CFB82 /* TimerAddProtocol.swift in Sources */ = {isa = PBXBuildFile; fileRef = 6199AB82279B2AA4000CFB82 /* TimerAddProtocol.swift */; };
		6199AB85279B2AB4000CFB82 /* TimerRemoveDelegate.swift in Sources */ = {isa = PBXBuildFile; fileRef = 6199AB84279B2AB4000CFB82 /* TimerRemoveDelegate.swift */; };
		6199AB87279B2AC1000CFB82 /* SetIndexDelegate.swift in Sources */ = {isa = PBXBuildFile; fileRef = 6199AB86279B2AC1000CFB82 /* SetIndexDelegate.swift */; };
		6199AB89279B2AD0000CFB82 /* SetTimerUpdateTimeDelegate.swift in Sources */ = {isa = PBXBuildFile; fileRef = 6199AB88279B2AD0000CFB82 /* SetTimerUpdateTimeDelegate.swift */; };
		6199AB8B279B2ADF000CFB82 /* SentTimerStatisticDelegate.swift in Sources */ = {isa = PBXBuildFile; fileRef = 6199AB8A279B2ADF000CFB82 /* SentTimerStatisticDelegate.swift */; };
		6199AB8D279B2AEE000CFB82 /* SentAlertActionDelegate.swift in Sources */ = {isa = PBXBuildFile; fileRef = 6199AB8C279B2AEE000CFB82 /* SentAlertActionDelegate.swift */; };
		6199AB8F279B2B0B000CFB82 /* TimerModelData.swift in Sources */ = {isa = PBXBuildFile; fileRef = 6199AB8E279B2B0B000CFB82 /* TimerModelData.swift */; };
		6199AB92279B2B2C000CFB82 /* UserStatisticsData.swift in Sources */ = {isa = PBXBuildFile; fileRef = 6199AB91279B2B2C000CFB82 /* UserStatisticsData.swift */; };
		6199AB94279B2B59000CFB82 /* TimerStatisticsEnum..swift in Sources */ = {isa = PBXBuildFile; fileRef = 6199AB93279B2B59000CFB82 /* TimerStatisticsEnum..swift */; };
		6199AB96279B2B6F000CFB82 /* WeekDayData.swift in Sources */ = {isa = PBXBuildFile; fileRef = 6199AB95279B2B6F000CFB82 /* WeekDayData.swift */; };
		6199AB98279B2B95000CFB82 /* MainViewController.swift in Sources */ = {isa = PBXBuildFile; fileRef = 6199AB97279B2B95000CFB82 /* MainViewController.swift */; };
		6199AB9B279B2BB8000CFB82 /* MainViewController+Extension.swift in Sources */ = {isa = PBXBuildFile; fileRef = 6199AB9A279B2BB8000CFB82 /* MainViewController+Extension.swift */; };
		6199AB9F279B2C02000CFB82 /* MainCollectionViewCell.swift in Sources */ = {isa = PBXBuildFile; fileRef = 6199AB9E279B2C02000CFB82 /* MainCollectionViewCell.swift */; };
		6199ABA1279B2C24000CFB82 /* MainCollectionViewCelll.swift in Sources */ = {isa = PBXBuildFile; fileRef = 6199ABA0279B2C24000CFB82 /* MainCollectionViewCelll.swift */; };
		6199ABA3279B2C4C000CFB82 /* WeekDayCollectionViewCell.swift in Sources */ = {isa = PBXBuildFile; fileRef = 6199ABA2279B2C4C000CFB82 /* WeekDayCollectionViewCell.swift */; };
		6199ABA5279B2C68000CFB82 /* MainTableViewCell.swift in Sources */ = {isa = PBXBuildFile; fileRef = 6199ABA4279B2C68000CFB82 /* MainTableViewCell.swift */; };
		6199ABA7279B2C8D000CFB82 /* ProgressBar.swift in Sources */ = {isa = PBXBuildFile; fileRef = 6199ABA6279B2C8D000CFB82 /* ProgressBar.swift */; };
		6199ABAA279B2CCD000CFB82 /* MainViewModel.swift in Sources */ = {isa = PBXBuildFile; fileRef = 6199ABA9279B2CCD000CFB82 /* MainViewModel.swift */; };
		6199ABAC279B2CE1000CFB82 /* MainViewModell.swift in Sources */ = {isa = PBXBuildFile; fileRef = 6199ABAB279B2CE1000CFB82 /* MainViewModell.swift */; };
		6199ABAE279B2D10000CFB82 /* AddNewTimerViewController.swift in Sources */ = {isa = PBXBuildFile; fileRef = 6199ABAD279B2D10000CFB82 /* AddNewTimerViewController.swift */; };
		6199ABB0279B2D29000CFB82 /* AddNewTimerViewController+Extension.swift in Sources */ = {isa = PBXBuildFile; fileRef = 6199ABAF279B2D29000CFB82 /* AddNewTimerViewController+Extension.swift */; };
		6199ABB5279B2D80000CFB82 /* AddNewTimerTableViewCell.swift in Sources */ = {isa = PBXBuildFile; fileRef = 6199ABB4279B2D80000CFB82 /* AddNewTimerTableViewCell.swift */; };
		6199ABB8279B2DB4000CFB82 /* AddNewTimerViewModel.swift in Sources */ = {isa = PBXBuildFile; fileRef = 6199ABB7279B2DB4000CFB82 /* AddNewTimerViewModel.swift */; };
		6199ABBA279B2DDC000CFB82 /* TimerDetailViewController.swift in Sources */ = {isa = PBXBuildFile; fileRef = 6199ABB9279B2DDC000CFB82 /* TimerDetailViewController.swift */; };
		6199ABBC279B2DE9000CFB82 /* TimerDetailViewController+Extension.swift in Sources */ = {isa = PBXBuildFile; fileRef = 6199ABBB279B2DE9000CFB82 /* TimerDetailViewController+Extension.swift */; };
		6199ABC1279B2E3F000CFB82 /* TimerDetailTableViewCell.swift in Sources */ = {isa = PBXBuildFile; fileRef = 6199ABC0279B2E3F000CFB82 /* TimerDetailTableViewCell.swift */; };
		6199ABC4279B2E6B000CFB82 /* TimerDetailViewModel.swift in Sources */ = {isa = PBXBuildFile; fileRef = 6199ABC3279B2E6B000CFB82 /* TimerDetailViewModel.swift */; };
		6199ABC6279B2F1B000CFB82 /* EditViewController.swift in Sources */ = {isa = PBXBuildFile; fileRef = 6199ABC5279B2F1B000CFB82 /* EditViewController.swift */; };
		6199ABC8279B2F2E000CFB82 /* EditViewController+Extension.swift in Sources */ = {isa = PBXBuildFile; fileRef = 6199ABC7279B2F2E000CFB82 /* EditViewController+Extension.swift */; };
		61A3F4DC279D882E00C9B997 /* LastUseTimerIndex.swift in Sources */ = {isa = PBXBuildFile; fileRef = 61A3F4DB279D882E00C9B997 /* LastUseTimerIndex.swift */; };
		61F6BB2E279AB05100E5BC68 /* AppDelegate.swift in Sources */ = {isa = PBXBuildFile; fileRef = 61F6BB2D279AB05100E5BC68 /* AppDelegate.swift */; };
		61F6BB30279AB05100E5BC68 /* SceneDelegate.swift in Sources */ = {isa = PBXBuildFile; fileRef = 61F6BB2F279AB05100E5BC68 /* SceneDelegate.swift */; };
		61F6BB37279AB05400E5BC68 /* Assets.xcassets in Resources */ = {isa = PBXBuildFile; fileRef = 61F6BB36279AB05400E5BC68 /* Assets.xcassets */; };
		61F6BB3A279AB05400E5BC68 /* LaunchScreen.storyboard in Resources */ = {isa = PBXBuildFile; fileRef = 61F6BB38279AB05400E5BC68 /* LaunchScreen.storyboard */; };
		61F6BB45279AB05400E5BC68 /* GoldTimeTests.swift in Sources */ = {isa = PBXBuildFile; fileRef = 61F6BB44279AB05400E5BC68 /* GoldTimeTests.swift */; };
		61F6BB50279AB05400E5BC68 /* GoldTimeUITests.swift in Sources */ = {isa = PBXBuildFile; fileRef = 61F6BB4F279AB05400E5BC68 /* GoldTimeUITests.swift */; };
		61F7778F27A57FAB00A0467D /* SaveWeekDayDelegate.swift in Sources */ = {isa = PBXBuildFile; fileRef = 61F7778E27A57FAB00A0467D /* SaveWeekDayDelegate.swift */; };
/* End PBXBuildFile section */

/* Begin PBXContainerItemProxy section */
		61F6BB41279AB05400E5BC68 /* PBXContainerItemProxy */ = {
			isa = PBXContainerItemProxy;
			containerPortal = 61F6BB22279AB05000E5BC68 /* Project object */;
			proxyType = 1;
			remoteGlobalIDString = 61F6BB29279AB05100E5BC68;
			remoteInfo = GoldTime;
		};
		61F6BB4C279AB05400E5BC68 /* PBXContainerItemProxy */ = {
			isa = PBXContainerItemProxy;
			containerPortal = 61F6BB22279AB05000E5BC68 /* Project object */;
			proxyType = 1;
			remoteGlobalIDString = 61F6BB29279AB05100E5BC68;
			remoteInfo = GoldTime;
		};
/* End PBXContainerItemProxy section */

/* Begin PBXFileReference section */
		0F9B383652B22AB9F9C3F5E7 /* Pods-GoldTime.debug.xcconfig */ = {isa = PBXFileReference; includeInIndex = 1; lastKnownFileType = text.xcconfig; name = "Pods-GoldTime.debug.xcconfig"; path = "Target Support Files/Pods-GoldTime/Pods-GoldTime.debug.xcconfig"; sourceTree = "<group>"; };
		54C9F16A0BB674CE89859B66 /* Pods_GoldTime.framework */ = {isa = PBXFileReference; explicitFileType = wrapper.framework; includeInIndex = 0; path = Pods_GoldTime.framework; sourceTree = BUILT_PRODUCTS_DIR; };
		6121F8C727A3F60A000EB44B /* TimerPickerTableViewCell.swift */ = {isa = PBXFileReference; lastKnownFileType = sourcecode.swift; path = TimerPickerTableViewCell.swift; sourceTree = "<group>"; };
		6121F8C927A3F63A000EB44B /* AddWeekDayTableViewCell.swift */ = {isa = PBXFileReference; lastKnownFileType = sourcecode.swift; path = AddWeekDayTableViewCell.swift; sourceTree = "<group>"; };
		6121F8CB27A3F64D000EB44B /* AddColorTableViewCell.swift */ = {isa = PBXFileReference; lastKnownFileType = sourcecode.swift; path = AddColorTableViewCell.swift; sourceTree = "<group>"; };
		6121F8CD27A3F65F000EB44B /* SaveButtonTableViewCell.swift */ = {isa = PBXFileReference; lastKnownFileType = sourcecode.swift; path = SaveButtonTableViewCell.swift; sourceTree = "<group>"; };
		6121F8D027A40B79000EB44B /* HeaderTableviewCell.swift */ = {isa = PBXFileReference; lastKnownFileType = sourcecode.swift; path = HeaderTableviewCell.swift; sourceTree = "<group>"; };
		6121F8D227A466E2000EB44B /* SentColorDelegate.swift */ = {isa = PBXFileReference; lastKnownFileType = sourcecode.swift; path = SentColorDelegate.swift; sourceTree = "<group>"; };
		6121F8D427A46BC5000EB44B /* SentTimerTimeDelegate.swift */ = {isa = PBXFileReference; lastKnownFileType = sourcecode.swift; path = SentTimerTimeDelegate.swift; sourceTree = "<group>"; };
		6121F8D627A46E10000EB44B /* SentTimerNameDelegate.swift */ = {isa = PBXFileReference; lastKnownFileType = sourcecode.swift; path = SentTimerNameDelegate.swift; sourceTree = "<group>"; };
		6121F8D827A47AF1000EB44B /* SaveButtonDelegate.swift */ = {isa = PBXFileReference; lastKnownFileType = sourcecode.swift; path = SaveButtonDelegate.swift; sourceTree = "<group>"; };
		6199AB6C279B2918000CFB82 /* TabbarController.swift */ = {isa = PBXFileReference; lastKnownFileType = sourcecode.swift; path = TabbarController.swift; sourceTree = "<group>"; };
		6199AB6F279B2938000CFB82 /* MainRouter.swift */ = {isa = PBXFileReference; lastKnownFileType = sourcecode.swift; path = MainRouter.swift; sourceTree = "<group>"; };
		6199AB72279B2965000CFB82 /* MainAsseblyModelBuilder.swift */ = {isa = PBXFileReference; lastKnownFileType = sourcecode.swift; path = MainAsseblyModelBuilder.swift; sourceTree = "<group>"; };
		6199AB76279B2A04000CFB82 /* TimerTimeArray.swift */ = {isa = PBXFileReference; lastKnownFileType = sourcecode.swift; path = TimerTimeArray.swift; sourceTree = "<group>"; };
		6199AB78279B2A1D000CFB82 /* DataStore.swift */ = {isa = PBXFileReference; lastKnownFileType = sourcecode.swift; path = DataStore.swift; sourceTree = "<group>"; };
		6199AB7A279B2A35000CFB82 /* TimerStatistics.swift */ = {isa = PBXFileReference; lastKnownFileType = sourcecode.swift; path = TimerStatistics.swift; sourceTree = "<group>"; };
		6199AB7D279B2A68000CFB82 /* Extensions.swift */ = {isa = PBXFileReference; lastKnownFileType = sourcecode.swift; path = Extensions.swift; sourceTree = "<group>"; };
		6199AB7F279B2A85000CFB82 /* TimerStartStopProtocol.swift */ = {isa = PBXFileReference; lastKnownFileType = sourcecode.swift; path = TimerStartStopProtocol.swift; sourceTree = "<group>"; };
		6199AB82279B2AA4000CFB82 /* TimerAddProtocol.swift */ = {isa = PBXFileReference; lastKnownFileType = sourcecode.swift; path = TimerAddProtocol.swift; sourceTree = "<group>"; };
		6199AB84279B2AB4000CFB82 /* TimerRemoveDelegate.swift */ = {isa = PBXFileReference; lastKnownFileType = sourcecode.swift; path = TimerRemoveDelegate.swift; sourceTree = "<group>"; };
		6199AB86279B2AC1000CFB82 /* SetIndexDelegate.swift */ = {isa = PBXFileReference; lastKnownFileType = sourcecode.swift; path = SetIndexDelegate.swift; sourceTree = "<group>"; };
		6199AB88279B2AD0000CFB82 /* SetTimerUpdateTimeDelegate.swift */ = {isa = PBXFileReference; lastKnownFileType = sourcecode.swift; path = SetTimerUpdateTimeDelegate.swift; sourceTree = "<group>"; };
		6199AB8A279B2ADF000CFB82 /* SentTimerStatisticDelegate.swift */ = {isa = PBXFileReference; lastKnownFileType = sourcecode.swift; path = SentTimerStatisticDelegate.swift; sourceTree = "<group>"; };
		6199AB8C279B2AEE000CFB82 /* SentAlertActionDelegate.swift */ = {isa = PBXFileReference; lastKnownFileType = sourcecode.swift; path = SentAlertActionDelegate.swift; sourceTree = "<group>"; };
		6199AB8E279B2B0B000CFB82 /* TimerModelData.swift */ = {isa = PBXFileReference; lastKnownFileType = sourcecode.swift; path = TimerModelData.swift; sourceTree = "<group>"; };
		6199AB91279B2B2C000CFB82 /* UserStatisticsData.swift */ = {isa = PBXFileReference; lastKnownFileType = sourcecode.swift; path = UserStatisticsData.swift; sourceTree = "<group>"; };
		6199AB93279B2B59000CFB82 /* TimerStatisticsEnum..swift */ = {isa = PBXFileReference; lastKnownFileType = sourcecode.swift; path = TimerStatisticsEnum..swift; sourceTree = "<group>"; };
		6199AB95279B2B6F000CFB82 /* WeekDayData.swift */ = {isa = PBXFileReference; lastKnownFileType = sourcecode.swift; path = WeekDayData.swift; sourceTree = "<group>"; };
		6199AB97279B2B95000CFB82 /* MainViewController.swift */ = {isa = PBXFileReference; lastKnownFileType = sourcecode.swift; path = MainViewController.swift; sourceTree = "<group>"; };
		6199AB9A279B2BB8000CFB82 /* MainViewController+Extension.swift */ = {isa = PBXFileReference; lastKnownFileType = sourcecode.swift; path = "MainViewController+Extension.swift"; sourceTree = "<group>"; };
		6199AB9E279B2C02000CFB82 /* MainCollectionViewCell.swift */ = {isa = PBXFileReference; lastKnownFileType = sourcecode.swift; path = MainCollectionViewCell.swift; sourceTree = "<group>"; };
		6199ABA0279B2C24000CFB82 /* MainCollectionViewCelll.swift */ = {isa = PBXFileReference; lastKnownFileType = sourcecode.swift; path = MainCollectionViewCelll.swift; sourceTree = "<group>"; };
		6199ABA2279B2C4C000CFB82 /* WeekDayCollectionViewCell.swift */ = {isa = PBXFileReference; lastKnownFileType = sourcecode.swift; path = WeekDayCollectionViewCell.swift; sourceTree = "<group>"; };
		6199ABA4279B2C68000CFB82 /* MainTableViewCell.swift */ = {isa = PBXFileReference; lastKnownFileType = sourcecode.swift; path = MainTableViewCell.swift; sourceTree = "<group>"; };
		6199ABA6279B2C8D000CFB82 /* ProgressBar.swift */ = {isa = PBXFileReference; lastKnownFileType = sourcecode.swift; path = ProgressBar.swift; sourceTree = "<group>"; };
		6199ABA9279B2CCD000CFB82 /* MainViewModel.swift */ = {isa = PBXFileReference; lastKnownFileType = sourcecode.swift; path = MainViewModel.swift; sourceTree = "<group>"; };
		6199ABAB279B2CE1000CFB82 /* MainViewModell.swift */ = {isa = PBXFileReference; lastKnownFileType = sourcecode.swift; path = MainViewModell.swift; sourceTree = "<group>"; };
		6199ABAD279B2D10000CFB82 /* AddNewTimerViewController.swift */ = {isa = PBXFileReference; lastKnownFileType = sourcecode.swift; path = AddNewTimerViewController.swift; sourceTree = "<group>"; };
		6199ABAF279B2D29000CFB82 /* AddNewTimerViewController+Extension.swift */ = {isa = PBXFileReference; lastKnownFileType = sourcecode.swift; path = "AddNewTimerViewController+Extension.swift"; sourceTree = "<group>"; };
		6199ABB4279B2D80000CFB82 /* AddNewTimerTableViewCell.swift */ = {isa = PBXFileReference; lastKnownFileType = sourcecode.swift; path = AddNewTimerTableViewCell.swift; sourceTree = "<group>"; };
		6199ABB7279B2DB4000CFB82 /* AddNewTimerViewModel.swift */ = {isa = PBXFileReference; lastKnownFileType = sourcecode.swift; path = AddNewTimerViewModel.swift; sourceTree = "<group>"; };
		6199ABB9279B2DDC000CFB82 /* TimerDetailViewController.swift */ = {isa = PBXFileReference; lastKnownFileType = sourcecode.swift; path = TimerDetailViewController.swift; sourceTree = "<group>"; };
		6199ABBB279B2DE9000CFB82 /* TimerDetailViewController+Extension.swift */ = {isa = PBXFileReference; lastKnownFileType = sourcecode.swift; path = "TimerDetailViewController+Extension.swift"; sourceTree = "<group>"; };
		6199ABC0279B2E3F000CFB82 /* TimerDetailTableViewCell.swift */ = {isa = PBXFileReference; lastKnownFileType = sourcecode.swift; path = TimerDetailTableViewCell.swift; sourceTree = "<group>"; };
		6199ABC3279B2E6B000CFB82 /* TimerDetailViewModel.swift */ = {isa = PBXFileReference; lastKnownFileType = sourcecode.swift; path = TimerDetailViewModel.swift; sourceTree = "<group>"; };
		6199ABC5279B2F1B000CFB82 /* EditViewController.swift */ = {isa = PBXFileReference; lastKnownFileType = sourcecode.swift; path = EditViewController.swift; sourceTree = "<group>"; };
		6199ABC7279B2F2E000CFB82 /* EditViewController+Extension.swift */ = {isa = PBXFileReference; lastKnownFileType = sourcecode.swift; path = "EditViewController+Extension.swift"; sourceTree = "<group>"; };
		61A3F4DB279D882E00C9B997 /* LastUseTimerIndex.swift */ = {isa = PBXFileReference; lastKnownFileType = sourcecode.swift; path = LastUseTimerIndex.swift; sourceTree = "<group>"; };
		61F6BB2A279AB05100E5BC68 /* GoldTime.app */ = {isa = PBXFileReference; explicitFileType = wrapper.application; includeInIndex = 0; path = GoldTime.app; sourceTree = BUILT_PRODUCTS_DIR; };
		61F6BB2D279AB05100E5BC68 /* AppDelegate.swift */ = {isa = PBXFileReference; lastKnownFileType = sourcecode.swift; path = AppDelegate.swift; sourceTree = "<group>"; };
		61F6BB2F279AB05100E5BC68 /* SceneDelegate.swift */ = {isa = PBXFileReference; lastKnownFileType = sourcecode.swift; path = SceneDelegate.swift; sourceTree = "<group>"; };
		61F6BB36279AB05400E5BC68 /* Assets.xcassets */ = {isa = PBXFileReference; lastKnownFileType = folder.assetcatalog; path = Assets.xcassets; sourceTree = "<group>"; };
		61F6BB39279AB05400E5BC68 /* Base */ = {isa = PBXFileReference; lastKnownFileType = file.storyboard; name = Base; path = Base.lproj/LaunchScreen.storyboard; sourceTree = "<group>"; };
		61F6BB3B279AB05400E5BC68 /* Info.plist */ = {isa = PBXFileReference; lastKnownFileType = text.plist.xml; path = Info.plist; sourceTree = "<group>"; };
		61F6BB40279AB05400E5BC68 /* GoldTimeTests.xctest */ = {isa = PBXFileReference; explicitFileType = wrapper.cfbundle; includeInIndex = 0; path = GoldTimeTests.xctest; sourceTree = BUILT_PRODUCTS_DIR; };
		61F6BB44279AB05400E5BC68 /* GoldTimeTests.swift */ = {isa = PBXFileReference; lastKnownFileType = sourcecode.swift; path = GoldTimeTests.swift; sourceTree = "<group>"; };
		61F6BB46279AB05400E5BC68 /* Info.plist */ = {isa = PBXFileReference; lastKnownFileType = text.plist.xml; path = Info.plist; sourceTree = "<group>"; };
		61F6BB4B279AB05400E5BC68 /* GoldTimeUITests.xctest */ = {isa = PBXFileReference; explicitFileType = wrapper.cfbundle; includeInIndex = 0; path = GoldTimeUITests.xctest; sourceTree = BUILT_PRODUCTS_DIR; };
		61F6BB4F279AB05400E5BC68 /* GoldTimeUITests.swift */ = {isa = PBXFileReference; lastKnownFileType = sourcecode.swift; path = GoldTimeUITests.swift; sourceTree = "<group>"; };
		61F6BB51279AB05400E5BC68 /* Info.plist */ = {isa = PBXFileReference; lastKnownFileType = text.plist.xml; path = Info.plist; sourceTree = "<group>"; };
		61F7778E27A57FAB00A0467D /* SaveWeekDayDelegate.swift */ = {isa = PBXFileReference; lastKnownFileType = sourcecode.swift; path = SaveWeekDayDelegate.swift; sourceTree = "<group>"; };
		D2FD52E0995133E74A284720 /* Pods-GoldTime.release.xcconfig */ = {isa = PBXFileReference; includeInIndex = 1; lastKnownFileType = text.xcconfig; name = "Pods-GoldTime.release.xcconfig"; path = "Target Support Files/Pods-GoldTime/Pods-GoldTime.release.xcconfig"; sourceTree = "<group>"; };
/* End PBXFileReference section */

/* Begin PBXFrameworksBuildPhase section */
		61F6BB27279AB05100E5BC68 /* Frameworks */ = {
			isa = PBXFrameworksBuildPhase;
			buildActionMask = 2147483647;
			files = (
				3CBF9453982D7342E155A89C /* Pods_GoldTime.framework in Frameworks */,
			);
			runOnlyForDeploymentPostprocessing = 0;
		};
		61F6BB3D279AB05400E5BC68 /* Frameworks */ = {
			isa = PBXFrameworksBuildPhase;
			buildActionMask = 2147483647;
			files = (
			);
			runOnlyForDeploymentPostprocessing = 0;
		};
		61F6BB48279AB05400E5BC68 /* Frameworks */ = {
			isa = PBXFrameworksBuildPhase;
			buildActionMask = 2147483647;
			files = (
			);
			runOnlyForDeploymentPostprocessing = 0;
		};
/* End PBXFrameworksBuildPhase section */

/* Begin PBXGroup section */
		492B79F9EBE251807ADB3080 /* Pods */ = {
			isa = PBXGroup;
			children = (
				0F9B383652B22AB9F9C3F5E7 /* Pods-GoldTime.debug.xcconfig */,
				D2FD52E0995133E74A284720 /* Pods-GoldTime.release.xcconfig */,
			);
			path = Pods;
			sourceTree = "<group>";
		};
		6121F8CF27A40B23000EB44B /* Header */ = {
			isa = PBXGroup;
			children = (
				6121F8D027A40B79000EB44B /* HeaderTableviewCell.swift */,
			);
			path = Header;
			sourceTree = "<group>";
		};
		6199AB6E279B291D000CFB82 /* Tabbar */ = {
			isa = PBXGroup;
			children = (
				6199AB6C279B2918000CFB82 /* TabbarController.swift */,
			);
			path = Tabbar;
			sourceTree = "<group>";
		};
		6199AB71279B293C000CFB82 /* Routers */ = {
			isa = PBXGroup;
			children = (
				6199AB6F279B2938000CFB82 /* MainRouter.swift */,
			);
			path = Routers;
			sourceTree = "<group>";
		};
		6199AB74279B296E000CFB82 /* Builders */ = {
			isa = PBXGroup;
			children = (
				6199AB72279B2965000CFB82 /* MainAsseblyModelBuilder.swift */,
			);
			path = Builders;
			sourceTree = "<group>";
		};
		6199AB75279B2991000CFB82 /* Service */ = {
			isa = PBXGroup;
			children = (
				6199AB76279B2A04000CFB82 /* TimerTimeArray.swift */,
				6199AB78279B2A1D000CFB82 /* DataStore.swift */,
				6199AB7A279B2A35000CFB82 /* TimerStatistics.swift */,
			);
			path = Service;
			sourceTree = "<group>";
		};
		6199AB7C279B2A54000CFB82 /* Extensions */ = {
			isa = PBXGroup;
			children = (
				6199AB7D279B2A68000CFB82 /* Extensions.swift */,
			);
			path = Extensions;
			sourceTree = "<group>";
		};
		6199AB81279B2A90000CFB82 /* Protocols */ = {
			isa = PBXGroup;
			children = (
				6199AB7F279B2A85000CFB82 /* TimerStartStopProtocol.swift */,
				6199AB82279B2AA4000CFB82 /* TimerAddProtocol.swift */,
				6199AB84279B2AB4000CFB82 /* TimerRemoveDelegate.swift */,
				6199AB86279B2AC1000CFB82 /* SetIndexDelegate.swift */,
				6199AB88279B2AD0000CFB82 /* SetTimerUpdateTimeDelegate.swift */,
				6199AB8A279B2ADF000CFB82 /* SentTimerStatisticDelegate.swift */,
				6199AB8C279B2AEE000CFB82 /* SentAlertActionDelegate.swift */,
				6121F8D227A466E2000EB44B /* SentColorDelegate.swift */,
				6121F8D427A46BC5000EB44B /* SentTimerTimeDelegate.swift */,
				6121F8D627A46E10000EB44B /* SentTimerNameDelegate.swift */,
				6121F8D827A47AF1000EB44B /* SaveButtonDelegate.swift */,
				61F7778E27A57FAB00A0467D /* SaveWeekDayDelegate.swift */,
			);
			path = Protocols;
			sourceTree = "<group>";
		};
		6199AB90279B2B12000CFB82 /* Model */ = {
			isa = PBXGroup;
			children = (
				6199AB8E279B2B0B000CFB82 /* TimerModelData.swift */,
				6199AB91279B2B2C000CFB82 /* UserStatisticsData.swift */,
				6199AB93279B2B59000CFB82 /* TimerStatisticsEnum..swift */,
				6199AB95279B2B6F000CFB82 /* WeekDayData.swift */,
				61A3F4DB279D882E00C9B997 /* LastUseTimerIndex.swift */,
			);
			path = Model;
			sourceTree = "<group>";
		};
		6199AB99279B2BA7000CFB82 /* Main */ = {
			isa = PBXGroup;
			children = (
				6199AB9C279B2BD7000CFB82 /* View */,
				6199ABA8279B2CAA000CFB82 /* ViewModel */,
			);
			path = Main;
			sourceTree = "<group>";
		};
		6199AB9C279B2BD7000CFB82 /* View */ = {
			isa = PBXGroup;
			children = (
				6199AB97279B2B95000CFB82 /* MainViewController.swift */,
				6199AB9A279B2BB8000CFB82 /* MainViewController+Extension.swift */,
				6199AB9D279B2BE3000CFB82 /* Cell */,
			);
			path = View;
			sourceTree = "<group>";
		};
		6199AB9D279B2BE3000CFB82 /* Cell */ = {
			isa = PBXGroup;
			children = (
				6199AB9E279B2C02000CFB82 /* MainCollectionViewCell.swift */,
				6199ABA0279B2C24000CFB82 /* MainCollectionViewCelll.swift */,
				6199ABA2279B2C4C000CFB82 /* WeekDayCollectionViewCell.swift */,
				6199ABA4279B2C68000CFB82 /* MainTableViewCell.swift */,
				6199ABA6279B2C8D000CFB82 /* ProgressBar.swift */,
			);
			path = Cell;
			sourceTree = "<group>";
		};
		6199ABA8279B2CAA000CFB82 /* ViewModel */ = {
			isa = PBXGroup;
			children = (
				6199ABA9279B2CCD000CFB82 /* MainViewModel.swift */,
				6199ABAB279B2CE1000CFB82 /* MainViewModell.swift */,
			);
			path = ViewModel;
			sourceTree = "<group>";
		};
		6199ABB1279B2D3C000CFB82 /* AddNewTimer */ = {
			isa = PBXGroup;
			children = (
				6199ABB2279B2D4B000CFB82 /* View */,
				6199ABB6279B2DA6000CFB82 /* ViewModel */,
			);
			path = AddNewTimer;
			sourceTree = "<group>";
		};
		6199ABB2279B2D4B000CFB82 /* View */ = {
			isa = PBXGroup;
			children = (
				6199ABAD279B2D10000CFB82 /* AddNewTimerViewController.swift */,
				6199ABAF279B2D29000CFB82 /* AddNewTimerViewController+Extension.swift */,
				6199ABB3279B2D53000CFB82 /* Cell */,
			);
			path = View;
			sourceTree = "<group>";
		};
		6199ABB3279B2D53000CFB82 /* Cell */ = {
			isa = PBXGroup;
			children = (
				6199ABB4279B2D80000CFB82 /* AddNewTimerTableViewCell.swift */,
				6121F8C727A3F60A000EB44B /* TimerPickerTableViewCell.swift */,
				6121F8C927A3F63A000EB44B /* AddWeekDayTableViewCell.swift */,
				6121F8CB27A3F64D000EB44B /* AddColorTableViewCell.swift */,
				6121F8CD27A3F65F000EB44B /* SaveButtonTableViewCell.swift */,
				6121F8CF27A40B23000EB44B /* Header */,
			);
			path = Cell;
			sourceTree = "<group>";
		};
		6199ABB6279B2DA6000CFB82 /* ViewModel */ = {
			isa = PBXGroup;
			children = (
				6199ABB7279B2DB4000CFB82 /* AddNewTimerViewModel.swift */,
			);
			path = ViewModel;
			sourceTree = "<group>";
		};
		6199ABBD279B2E0B000CFB82 /* TimerDetail */ = {
			isa = PBXGroup;
			children = (
				6199ABBE279B2E17000CFB82 /* View */,
				6199ABC2279B2E5D000CFB82 /* ViewModel */,
			);
			path = TimerDetail;
			sourceTree = "<group>";
		};
		6199ABBE279B2E17000CFB82 /* View */ = {
			isa = PBXGroup;
			children = (
				6199ABB9279B2DDC000CFB82 /* TimerDetailViewController.swift */,
				6199ABBB279B2DE9000CFB82 /* TimerDetailViewController+Extension.swift */,
				6199ABBF279B2E1E000CFB82 /* Cell */,
			);
			path = View;
			sourceTree = "<group>";
		};
		6199ABBF279B2E1E000CFB82 /* Cell */ = {
			isa = PBXGroup;
			children = (
				6199ABC0279B2E3F000CFB82 /* TimerDetailTableViewCell.swift */,
			);
			path = Cell;
			sourceTree = "<group>";
		};
		6199ABC2279B2E5D000CFB82 /* ViewModel */ = {
			isa = PBXGroup;
			children = (
				6199ABC3279B2E6B000CFB82 /* TimerDetailViewModel.swift */,
			);
			path = ViewModel;
			sourceTree = "<group>";
		};
		6199ABC9279B2F36000CFB82 /* Edit */ = {
			isa = PBXGroup;
			children = (
				6199ABCA279B2F40000CFB82 /* View */,
				6199ABCB279B2F56000CFB82 /* ViewModel */,
			);
			path = Edit;
			sourceTree = "<group>";
		};
		6199ABCA279B2F40000CFB82 /* View */ = {
			isa = PBXGroup;
			children = (
				6199ABC5279B2F1B000CFB82 /* EditViewController.swift */,
				6199ABC7279B2F2E000CFB82 /* EditViewController+Extension.swift */,
			);
			path = View;
			sourceTree = "<group>";
		};
		6199ABCB279B2F56000CFB82 /* ViewModel */ = {
			isa = PBXGroup;
			children = (
			);
			path = ViewModel;
			sourceTree = "<group>";
		};
		61F6BB21279AB05000E5BC68 = {
			isa = PBXGroup;
			children = (
				61F6BB2C279AB05100E5BC68 /* GoldTime */,
				61F6BB43279AB05400E5BC68 /* GoldTimeTests */,
				61F6BB4E279AB05400E5BC68 /* GoldTimeUITests */,
				61F6BB2B279AB05100E5BC68 /* Products */,
				492B79F9EBE251807ADB3080 /* Pods */,
				8C50F52553F9863B83D5B7C5 /* Frameworks */,
			);
			sourceTree = "<group>";
		};
		61F6BB2B279AB05100E5BC68 /* Products */ = {
			isa = PBXGroup;
			children = (
				61F6BB2A279AB05100E5BC68 /* GoldTime.app */,
				61F6BB40279AB05400E5BC68 /* GoldTimeTests.xctest */,
				61F6BB4B279AB05400E5BC68 /* GoldTimeUITests.xctest */,
			);
			name = Products;
			sourceTree = "<group>";
		};
		61F6BB2C279AB05100E5BC68 /* GoldTime */ = {
			isa = PBXGroup;
			children = (
				61F6BB2D279AB05100E5BC68 /* AppDelegate.swift */,
				61F6BB2F279AB05100E5BC68 /* SceneDelegate.swift */,
				6199AB6E279B291D000CFB82 /* Tabbar */,
				6199AB71279B293C000CFB82 /* Routers */,
				6199AB74279B296E000CFB82 /* Builders */,
				6199AB75279B2991000CFB82 /* Service */,
				6199AB7C279B2A54000CFB82 /* Extensions */,
				6199AB81279B2A90000CFB82 /* Protocols */,
				6199AB90279B2B12000CFB82 /* Model */,
				6199AB99279B2BA7000CFB82 /* Main */,
				6199ABB1279B2D3C000CFB82 /* AddNewTimer */,
				6199ABBD279B2E0B000CFB82 /* TimerDetail */,
				6199ABC9279B2F36000CFB82 /* Edit */,
				61F6BB36279AB05400E5BC68 /* Assets.xcassets */,
				61F6BB38279AB05400E5BC68 /* LaunchScreen.storyboard */,
				61F6BB3B279AB05400E5BC68 /* Info.plist */,
			);
			path = GoldTime;
			sourceTree = "<group>";
		};
		61F6BB43279AB05400E5BC68 /* GoldTimeTests */ = {
			isa = PBXGroup;
			children = (
				61F6BB44279AB05400E5BC68 /* GoldTimeTests.swift */,
				61F6BB46279AB05400E5BC68 /* Info.plist */,
			);
			path = GoldTimeTests;
			sourceTree = "<group>";
		};
		61F6BB4E279AB05400E5BC68 /* GoldTimeUITests */ = {
			isa = PBXGroup;
			children = (
				61F6BB4F279AB05400E5BC68 /* GoldTimeUITests.swift */,
				61F6BB51279AB05400E5BC68 /* Info.plist */,
			);
			path = GoldTimeUITests;
			sourceTree = "<group>";
		};
		8C50F52553F9863B83D5B7C5 /* Frameworks */ = {
			isa = PBXGroup;
			children = (
				54C9F16A0BB674CE89859B66 /* Pods_GoldTime.framework */,
			);
			name = Frameworks;
			sourceTree = "<group>";
		};
/* End PBXGroup section */

/* Begin PBXNativeTarget section */
		61F6BB29279AB05100E5BC68 /* GoldTime */ = {
			isa = PBXNativeTarget;
			buildConfigurationList = 61F6BB54279AB05400E5BC68 /* Build configuration list for PBXNativeTarget "GoldTime" */;
			buildPhases = (
				7E51A4D8E7EFC964A2075C82 /* [CP] Check Pods Manifest.lock */,
				61F6BB26279AB05100E5BC68 /* Sources */,
				61F6BB27279AB05100E5BC68 /* Frameworks */,
				61F6BB28279AB05100E5BC68 /* Resources */,
				2FF5424C57766B02F80BC607 /* [CP] Embed Pods Frameworks */,
			);
			buildRules = (
			);
			dependencies = (
			);
			name = GoldTime;
			productName = GoldTime;
			productReference = 61F6BB2A279AB05100E5BC68 /* GoldTime.app */;
			productType = "com.apple.product-type.application";
		};
		61F6BB3F279AB05400E5BC68 /* GoldTimeTests */ = {
			isa = PBXNativeTarget;
			buildConfigurationList = 61F6BB57279AB05400E5BC68 /* Build configuration list for PBXNativeTarget "GoldTimeTests" */;
			buildPhases = (
				61F6BB3C279AB05400E5BC68 /* Sources */,
				61F6BB3D279AB05400E5BC68 /* Frameworks */,
				61F6BB3E279AB05400E5BC68 /* Resources */,
			);
			buildRules = (
			);
			dependencies = (
				61F6BB42279AB05400E5BC68 /* PBXTargetDependency */,
			);
			name = GoldTimeTests;
			productName = GoldTimeTests;
			productReference = 61F6BB40279AB05400E5BC68 /* GoldTimeTests.xctest */;
			productType = "com.apple.product-type.bundle.unit-test";
		};
		61F6BB4A279AB05400E5BC68 /* GoldTimeUITests */ = {
			isa = PBXNativeTarget;
			buildConfigurationList = 61F6BB5A279AB05400E5BC68 /* Build configuration list for PBXNativeTarget "GoldTimeUITests" */;
			buildPhases = (
				61F6BB47279AB05400E5BC68 /* Sources */,
				61F6BB48279AB05400E5BC68 /* Frameworks */,
				61F6BB49279AB05400E5BC68 /* Resources */,
			);
			buildRules = (
			);
			dependencies = (
				61F6BB4D279AB05400E5BC68 /* PBXTargetDependency */,
			);
			name = GoldTimeUITests;
			productName = GoldTimeUITests;
			productReference = 61F6BB4B279AB05400E5BC68 /* GoldTimeUITests.xctest */;
			productType = "com.apple.product-type.bundle.ui-testing";
		};
/* End PBXNativeTarget section */

/* Begin PBXProject section */
		61F6BB22279AB05000E5BC68 /* Project object */ = {
			isa = PBXProject;
			attributes = {
				LastSwiftUpdateCheck = 1250;
				LastUpgradeCheck = 1250;
				TargetAttributes = {
					61F6BB29279AB05100E5BC68 = {
						CreatedOnToolsVersion = 12.5;
					};
					61F6BB3F279AB05400E5BC68 = {
						CreatedOnToolsVersion = 12.5;
						TestTargetID = 61F6BB29279AB05100E5BC68;
					};
					61F6BB4A279AB05400E5BC68 = {
						CreatedOnToolsVersion = 12.5;
						TestTargetID = 61F6BB29279AB05100E5BC68;
					};
				};
			};
			buildConfigurationList = 61F6BB25279AB05000E5BC68 /* Build configuration list for PBXProject "GoldTime" */;
			compatibilityVersion = "Xcode 9.3";
			developmentRegion = en;
			hasScannedForEncodings = 0;
			knownRegions = (
				en,
				Base,
			);
			mainGroup = 61F6BB21279AB05000E5BC68;
			productRefGroup = 61F6BB2B279AB05100E5BC68 /* Products */;
			projectDirPath = "";
			projectRoot = "";
			targets = (
				61F6BB29279AB05100E5BC68 /* GoldTime */,
				61F6BB3F279AB05400E5BC68 /* GoldTimeTests */,
				61F6BB4A279AB05400E5BC68 /* GoldTimeUITests */,
			);
		};
/* End PBXProject section */

/* Begin PBXResourcesBuildPhase section */
		61F6BB28279AB05100E5BC68 /* Resources */ = {
			isa = PBXResourcesBuildPhase;
			buildActionMask = 2147483647;
			files = (
				61F6BB3A279AB05400E5BC68 /* LaunchScreen.storyboard in Resources */,
				61F6BB37279AB05400E5BC68 /* Assets.xcassets in Resources */,
			);
			runOnlyForDeploymentPostprocessing = 0;
		};
		61F6BB3E279AB05400E5BC68 /* Resources */ = {
			isa = PBXResourcesBuildPhase;
			buildActionMask = 2147483647;
			files = (
			);
			runOnlyForDeploymentPostprocessing = 0;
		};
		61F6BB49279AB05400E5BC68 /* Resources */ = {
			isa = PBXResourcesBuildPhase;
			buildActionMask = 2147483647;
			files = (
			);
			runOnlyForDeploymentPostprocessing = 0;
		};
/* End PBXResourcesBuildPhase section */

/* Begin PBXShellScriptBuildPhase section */
		2FF5424C57766B02F80BC607 /* [CP] Embed Pods Frameworks */ = {
			isa = PBXShellScriptBuildPhase;
			buildActionMask = 2147483647;
			files = (
			);
			inputFileListPaths = (
				"${PODS_ROOT}/Target Support Files/Pods-GoldTime/Pods-GoldTime-frameworks-${CONFIGURATION}-input-files.xcfilelist",
			);
			name = "[CP] Embed Pods Frameworks";
			outputFileListPaths = (
				"${PODS_ROOT}/Target Support Files/Pods-GoldTime/Pods-GoldTime-frameworks-${CONFIGURATION}-output-files.xcfilelist",
			);
			runOnlyForDeploymentPostprocessing = 0;
			shellPath = /bin/sh;
			shellScript = "\"${PODS_ROOT}/Target Support Files/Pods-GoldTime/Pods-GoldTime-frameworks.sh\"\n";
			showEnvVarsInLog = 0;
		};
		7E51A4D8E7EFC964A2075C82 /* [CP] Check Pods Manifest.lock */ = {
			isa = PBXShellScriptBuildPhase;
			buildActionMask = 2147483647;
			files = (
			);
			inputFileListPaths = (
			);
			inputPaths = (
				"${PODS_PODFILE_DIR_PATH}/Podfile.lock",
				"${PODS_ROOT}/Manifest.lock",
			);
			name = "[CP] Check Pods Manifest.lock";
			outputFileListPaths = (
			);
			outputPaths = (
				"$(DERIVED_FILE_DIR)/Pods-GoldTime-checkManifestLockResult.txt",
			);
			runOnlyForDeploymentPostprocessing = 0;
			shellPath = /bin/sh;
			shellScript = "diff \"${PODS_PODFILE_DIR_PATH}/Podfile.lock\" \"${PODS_ROOT}/Manifest.lock\" > /dev/null\nif [ $? != 0 ] ; then\n    # print error to STDERR\n    echo \"error: The sandbox is not in sync with the Podfile.lock. Run 'pod install' or update your CocoaPods installation.\" >&2\n    exit 1\nfi\n# This output is used by Xcode 'outputs' to avoid re-running this script phase.\necho \"SUCCESS\" > \"${SCRIPT_OUTPUT_FILE_0}\"\n";
			showEnvVarsInLog = 0;
		};
/* End PBXShellScriptBuildPhase section */

/* Begin PBXSourcesBuildPhase section */
		61F6BB26279AB05100E5BC68 /* Sources */ = {
			isa = PBXSourcesBuildPhase;
			buildActionMask = 2147483647;
			files = (
				6199ABC4279B2E6B000CFB82 /* TimerDetailViewModel.swift in Sources */,
				6199ABA5279B2C68000CFB82 /* MainTableViewCell.swift in Sources */,
				6199AB98279B2B95000CFB82 /* MainViewController.swift in Sources */,
				6199AB79279B2A1D000CFB82 /* DataStore.swift in Sources */,
				6199ABC6279B2F1B000CFB82 /* EditViewController.swift in Sources */,
				6199AB8B279B2ADF000CFB82 /* SentTimerStatisticDelegate.swift in Sources */,
				6199ABC1279B2E3F000CFB82 /* TimerDetailTableViewCell.swift in Sources */,
				6199ABAC279B2CE1000CFB82 /* MainViewModell.swift in Sources */,
				6121F8D127A40B79000EB44B /* HeaderTableviewCell.swift in Sources */,
				6121F8CC27A3F64D000EB44B /* AddColorTableViewCell.swift in Sources */,
				6121F8CA27A3F63A000EB44B /* AddWeekDayTableViewCell.swift in Sources */,
				6199ABC8279B2F2E000CFB82 /* EditViewController+Extension.swift in Sources */,
				6199AB7E279B2A68000CFB82 /* Extensions.swift in Sources */,
				6121F8D727A46E10000EB44B /* SentTimerNameDelegate.swift in Sources */,
				6199AB8D279B2AEE000CFB82 /* SentAlertActionDelegate.swift in Sources */,
				6199AB73279B2965000CFB82 /* MainAsseblyModelBuilder.swift in Sources */,
				6199ABAA279B2CCD000CFB82 /* MainViewModel.swift in Sources */,
				6199ABAE279B2D10000CFB82 /* AddNewTimerViewController.swift in Sources */,
				61F6BB2E279AB05100E5BC68 /* AppDelegate.swift in Sources */,
				6199ABBA279B2DDC000CFB82 /* TimerDetailViewController.swift in Sources */,
				6199AB89279B2AD0000CFB82 /* SetTimerUpdateTimeDelegate.swift in Sources */,
				6121F8C827A3F60A000EB44B /* TimerPickerTableViewCell.swift in Sources */,
				6199ABBC279B2DE9000CFB82 /* TimerDetailViewController+Extension.swift in Sources */,
				6199AB77279B2A04000CFB82 /* TimerTimeArray.swift in Sources */,
				6199AB8F279B2B0B000CFB82 /* TimerModelData.swift in Sources */,
				61A3F4DC279D882E00C9B997 /* LastUseTimerIndex.swift in Sources */,
				6199AB87279B2AC1000CFB82 /* SetIndexDelegate.swift in Sources */,
				6199AB9B279B2BB8000CFB82 /* MainViewController+Extension.swift in Sources */,
				6199ABB5279B2D80000CFB82 /* AddNewTimerTableViewCell.swift in Sources */,
				6121F8D927A47AF1000EB44B /* SaveButtonDelegate.swift in Sources */,
				6199AB94279B2B59000CFB82 /* TimerStatisticsEnum..swift in Sources */,
				6199AB7B279B2A35000CFB82 /* TimerStatistics.swift in Sources */,
				6199AB96279B2B6F000CFB82 /* WeekDayData.swift in Sources */,
				6199AB85279B2AB4000CFB82 /* TimerRemoveDelegate.swift in Sources */,
				6199ABB0279B2D29000CFB82 /* AddNewTimerViewController+Extension.swift in Sources */,
				6199ABA1279B2C24000CFB82 /* MainCollectionViewCelll.swift in Sources */,
				6199AB70279B2938000CFB82 /* MainRouter.swift in Sources */,
				6199AB83279B2AA4000CFB82 /* TimerAddProtocol.swift in Sources */,
				6199AB6D279B2918000CFB82 /* TabbarController.swift in Sources */,
				6121F8D527A46BC5000EB44B /* SentTimerTimeDelegate.swift in Sources */,
				6199AB9F279B2C02000CFB82 /* MainCollectionViewCell.swift in Sources */,
				6199ABB8279B2DB4000CFB82 /* AddNewTimerViewModel.swift in Sources */,
				6199ABA7279B2C8D000CFB82 /* ProgressBar.swift in Sources */,
				6199AB92279B2B2C000CFB82 /* UserStatisticsData.swift in Sources */,
				6199AB80279B2A85000CFB82 /* TimerStartStopProtocol.swift in Sources */,
				6121F8D327A466E2000EB44B /* SentColorDelegate.swift in Sources */,
				61F7778F27A57FAB00A0467D /* SaveWeekDayDelegate.swift in Sources */,
				6199ABA3279B2C4C000CFB82 /* WeekDayCollectionViewCell.swift in Sources */,
				6121F8CE27A3F65F000EB44B /* SaveButtonTableViewCell.swift in Sources */,
				61F6BB30279AB05100E5BC68 /* SceneDelegate.swift in Sources */,
			);
			runOnlyForDeploymentPostprocessing = 0;
		};
		61F6BB3C279AB05400E5BC68 /* Sources */ = {
			isa = PBXSourcesBuildPhase;
			buildActionMask = 2147483647;
			files = (
				61F6BB45279AB05400E5BC68 /* GoldTimeTests.swift in Sources */,
			);
			runOnlyForDeploymentPostprocessing = 0;
		};
		61F6BB47279AB05400E5BC68 /* Sources */ = {
			isa = PBXSourcesBuildPhase;
			buildActionMask = 2147483647;
			files = (
				61F6BB50279AB05400E5BC68 /* GoldTimeUITests.swift in Sources */,
			);
			runOnlyForDeploymentPostprocessing = 0;
		};
/* End PBXSourcesBuildPhase section */

/* Begin PBXTargetDependency section */
		61F6BB42279AB05400E5BC68 /* PBXTargetDependency */ = {
			isa = PBXTargetDependency;
			target = 61F6BB29279AB05100E5BC68 /* GoldTime */;
			targetProxy = 61F6BB41279AB05400E5BC68 /* PBXContainerItemProxy */;
		};
		61F6BB4D279AB05400E5BC68 /* PBXTargetDependency */ = {
			isa = PBXTargetDependency;
			target = 61F6BB29279AB05100E5BC68 /* GoldTime */;
			targetProxy = 61F6BB4C279AB05400E5BC68 /* PBXContainerItemProxy */;
		};
/* End PBXTargetDependency section */

/* Begin PBXVariantGroup section */
		61F6BB38279AB05400E5BC68 /* LaunchScreen.storyboard */ = {
			isa = PBXVariantGroup;
			children = (
				61F6BB39279AB05400E5BC68 /* Base */,
			);
			name = LaunchScreen.storyboard;
			sourceTree = "<group>";
		};
/* End PBXVariantGroup section */

/* Begin XCBuildConfiguration section */
		61F6BB52279AB05400E5BC68 /* Debug */ = {
			isa = XCBuildConfiguration;
			buildSettings = {
				ALWAYS_SEARCH_USER_PATHS = NO;
				CLANG_ANALYZER_NONNULL = YES;
				CLANG_ANALYZER_NUMBER_OBJECT_CONVERSION = YES_AGGRESSIVE;
				CLANG_CXX_LANGUAGE_STANDARD = "gnu++14";
				CLANG_CXX_LIBRARY = "libc++";
				CLANG_ENABLE_MODULES = YES;
				CLANG_ENABLE_OBJC_ARC = YES;
				CLANG_ENABLE_OBJC_WEAK = YES;
				CLANG_WARN_BLOCK_CAPTURE_AUTORELEASING = YES;
				CLANG_WARN_BOOL_CONVERSION = YES;
				CLANG_WARN_COMMA = YES;
				CLANG_WARN_CONSTANT_CONVERSION = YES;
				CLANG_WARN_DEPRECATED_OBJC_IMPLEMENTATIONS = YES;
				CLANG_WARN_DIRECT_OBJC_ISA_USAGE = YES_ERROR;
				CLANG_WARN_DOCUMENTATION_COMMENTS = YES;
				CLANG_WARN_EMPTY_BODY = YES;
				CLANG_WARN_ENUM_CONVERSION = YES;
				CLANG_WARN_INFINITE_RECURSION = YES;
				CLANG_WARN_INT_CONVERSION = YES;
				CLANG_WARN_NON_LITERAL_NULL_CONVERSION = YES;
				CLANG_WARN_OBJC_IMPLICIT_RETAIN_SELF = YES;
				CLANG_WARN_OBJC_LITERAL_CONVERSION = YES;
				CLANG_WARN_OBJC_ROOT_CLASS = YES_ERROR;
				CLANG_WARN_QUOTED_INCLUDE_IN_FRAMEWORK_HEADER = YES;
				CLANG_WARN_RANGE_LOOP_ANALYSIS = YES;
				CLANG_WARN_STRICT_PROTOTYPES = YES;
				CLANG_WARN_SUSPICIOUS_MOVE = YES;
				CLANG_WARN_UNGUARDED_AVAILABILITY = YES_AGGRESSIVE;
				CLANG_WARN_UNREACHABLE_CODE = YES;
				CLANG_WARN__DUPLICATE_METHOD_MATCH = YES;
				COPY_PHASE_STRIP = NO;
				DEBUG_INFORMATION_FORMAT = dwarf;
				ENABLE_STRICT_OBJC_MSGSEND = YES;
				ENABLE_TESTABILITY = YES;
				GCC_C_LANGUAGE_STANDARD = gnu11;
				GCC_DYNAMIC_NO_PIC = NO;
				GCC_NO_COMMON_BLOCKS = YES;
				GCC_OPTIMIZATION_LEVEL = 0;
				GCC_PREPROCESSOR_DEFINITIONS = (
					"DEBUG=1",
					"$(inherited)",
				);
				GCC_WARN_64_TO_32_BIT_CONVERSION = YES;
				GCC_WARN_ABOUT_RETURN_TYPE = YES_ERROR;
				GCC_WARN_UNDECLARED_SELECTOR = YES;
				GCC_WARN_UNINITIALIZED_AUTOS = YES_AGGRESSIVE;
				GCC_WARN_UNUSED_FUNCTION = YES;
				GCC_WARN_UNUSED_VARIABLE = YES;
				IPHONEOS_DEPLOYMENT_TARGET = 14.5;
				MTL_ENABLE_DEBUG_INFO = INCLUDE_SOURCE;
				MTL_FAST_MATH = YES;
				ONLY_ACTIVE_ARCH = YES;
				SDKROOT = iphoneos;
				SWIFT_ACTIVE_COMPILATION_CONDITIONS = DEBUG;
				SWIFT_OPTIMIZATION_LEVEL = "-Onone";
			};
			name = Debug;
		};
		61F6BB53279AB05400E5BC68 /* Release */ = {
			isa = XCBuildConfiguration;
			buildSettings = {
				ALWAYS_SEARCH_USER_PATHS = NO;
				CLANG_ANALYZER_NONNULL = YES;
				CLANG_ANALYZER_NUMBER_OBJECT_CONVERSION = YES_AGGRESSIVE;
				CLANG_CXX_LANGUAGE_STANDARD = "gnu++14";
				CLANG_CXX_LIBRARY = "libc++";
				CLANG_ENABLE_MODULES = YES;
				CLANG_ENABLE_OBJC_ARC = YES;
				CLANG_ENABLE_OBJC_WEAK = YES;
				CLANG_WARN_BLOCK_CAPTURE_AUTORELEASING = YES;
				CLANG_WARN_BOOL_CONVERSION = YES;
				CLANG_WARN_COMMA = YES;
				CLANG_WARN_CONSTANT_CONVERSION = YES;
				CLANG_WARN_DEPRECATED_OBJC_IMPLEMENTATIONS = YES;
				CLANG_WARN_DIRECT_OBJC_ISA_USAGE = YES_ERROR;
				CLANG_WARN_DOCUMENTATION_COMMENTS = YES;
				CLANG_WARN_EMPTY_BODY = YES;
				CLANG_WARN_ENUM_CONVERSION = YES;
				CLANG_WARN_INFINITE_RECURSION = YES;
				CLANG_WARN_INT_CONVERSION = YES;
				CLANG_WARN_NON_LITERAL_NULL_CONVERSION = YES;
				CLANG_WARN_OBJC_IMPLICIT_RETAIN_SELF = YES;
				CLANG_WARN_OBJC_LITERAL_CONVERSION = YES;
				CLANG_WARN_OBJC_ROOT_CLASS = YES_ERROR;
				CLANG_WARN_QUOTED_INCLUDE_IN_FRAMEWORK_HEADER = YES;
				CLANG_WARN_RANGE_LOOP_ANALYSIS = YES;
				CLANG_WARN_STRICT_PROTOTYPES = YES;
				CLANG_WARN_SUSPICIOUS_MOVE = YES;
				CLANG_WARN_UNGUARDED_AVAILABILITY = YES_AGGRESSIVE;
				CLANG_WARN_UNREACHABLE_CODE = YES;
				CLANG_WARN__DUPLICATE_METHOD_MATCH = YES;
				COPY_PHASE_STRIP = NO;
				DEBUG_INFORMATION_FORMAT = "dwarf-with-dsym";
				ENABLE_NS_ASSERTIONS = NO;
				ENABLE_STRICT_OBJC_MSGSEND = YES;
				GCC_C_LANGUAGE_STANDARD = gnu11;
				GCC_NO_COMMON_BLOCKS = YES;
				GCC_WARN_64_TO_32_BIT_CONVERSION = YES;
				GCC_WARN_ABOUT_RETURN_TYPE = YES_ERROR;
				GCC_WARN_UNDECLARED_SELECTOR = YES;
				GCC_WARN_UNINITIALIZED_AUTOS = YES_AGGRESSIVE;
				GCC_WARN_UNUSED_FUNCTION = YES;
				GCC_WARN_UNUSED_VARIABLE = YES;
				IPHONEOS_DEPLOYMENT_TARGET = 14.5;
				MTL_ENABLE_DEBUG_INFO = NO;
				MTL_FAST_MATH = YES;
				SDKROOT = iphoneos;
				SWIFT_COMPILATION_MODE = wholemodule;
				SWIFT_OPTIMIZATION_LEVEL = "-O";
				VALIDATE_PRODUCT = YES;
			};
			name = Release;
		};
		61F6BB55279AB05400E5BC68 /* Debug */ = {
			isa = XCBuildConfiguration;
			baseConfigurationReference = 0F9B383652B22AB9F9C3F5E7 /* Pods-GoldTime.debug.xcconfig */;
			buildSettings = {
				ASSETCATALOG_COMPILER_APPICON_NAME = AppIcon;
				ASSETCATALOG_COMPILER_GLOBAL_ACCENT_COLOR_NAME = AccentColor;
				CODE_SIGN_STYLE = Automatic;
				DEVELOPMENT_TEAM = 77QNKT8P7A;
				INFOPLIST_FILE = GoldTime/Info.plist;
				IPHONEOS_DEPLOYMENT_TARGET = 14.1;
				LD_RUNPATH_SEARCH_PATHS = (
					"$(inherited)",
					"@executable_path/Frameworks",
				);
				PRODUCT_BUNDLE_IDENTIFIER = MH.GoldTime;
				PRODUCT_NAME = "$(TARGET_NAME)";
				SWIFT_VERSION = 5.0;
				TARGETED_DEVICE_FAMILY = 1;
			};
			name = Debug;
		};
		61F6BB56279AB05400E5BC68 /* Release */ = {
			isa = XCBuildConfiguration;
			baseConfigurationReference = D2FD52E0995133E74A284720 /* Pods-GoldTime.release.xcconfig */;
			buildSettings = {
				ASSETCATALOG_COMPILER_APPICON_NAME = AppIcon;
				ASSETCATALOG_COMPILER_GLOBAL_ACCENT_COLOR_NAME = AccentColor;
				CODE_SIGN_STYLE = Automatic;
				DEVELOPMENT_TEAM = 77QNKT8P7A;
				INFOPLIST_FILE = GoldTime/Info.plist;
				IPHONEOS_DEPLOYMENT_TARGET = 14.1;
				LD_RUNPATH_SEARCH_PATHS = (
					"$(inherited)",
					"@executable_path/Frameworks",
				);
				PRODUCT_BUNDLE_IDENTIFIER = MH.GoldTime;
				PRODUCT_NAME = "$(TARGET_NAME)";
				SWIFT_VERSION = 5.0;
				TARGETED_DEVICE_FAMILY = 1;
			};
			name = Release;
		};
		61F6BB58279AB05400E5BC68 /* Debug */ = {
			isa = XCBuildConfiguration;
			buildSettings = {
				ALWAYS_EMBED_SWIFT_STANDARD_LIBRARIES = YES;
				BUNDLE_LOADER = "$(TEST_HOST)";
				CODE_SIGN_STYLE = Automatic;
				DEVELOPMENT_TEAM = 77QNKT8P7A;
				INFOPLIST_FILE = GoldTimeTests/Info.plist;
				IPHONEOS_DEPLOYMENT_TARGET = 14.5;
				LD_RUNPATH_SEARCH_PATHS = (
					"$(inherited)",
					"@executable_path/Frameworks",
					"@loader_path/Frameworks",
				);
				PRODUCT_BUNDLE_IDENTIFIER = MH.GoldTimeTests;
				PRODUCT_NAME = "$(TARGET_NAME)";
				SWIFT_VERSION = 5.0;
				TARGETED_DEVICE_FAMILY = "1,2";
				TEST_HOST = "$(BUILT_PRODUCTS_DIR)/GoldTime.app/GoldTime";
			};
			name = Debug;
		};
		61F6BB59279AB05400E5BC68 /* Release */ = {
			isa = XCBuildConfiguration;
			buildSettings = {
				ALWAYS_EMBED_SWIFT_STANDARD_LIBRARIES = YES;
				BUNDLE_LOADER = "$(TEST_HOST)";
				CODE_SIGN_STYLE = Automatic;
				DEVELOPMENT_TEAM = 77QNKT8P7A;
				INFOPLIST_FILE = GoldTimeTests/Info.plist;
				IPHONEOS_DEPLOYMENT_TARGET = 14.5;
				LD_RUNPATH_SEARCH_PATHS = (
					"$(inherited)",
					"@executable_path/Frameworks",
					"@loader_path/Frameworks",
				);
				PRODUCT_BUNDLE_IDENTIFIER = MH.GoldTimeTests;
				PRODUCT_NAME = "$(TARGET_NAME)";
				SWIFT_VERSION = 5.0;
				TARGETED_DEVICE_FAMILY = "1,2";
				TEST_HOST = "$(BUILT_PRODUCTS_DIR)/GoldTime.app/GoldTime";
			};
			name = Release;
		};
		61F6BB5B279AB05400E5BC68 /* Debug */ = {
			isa = XCBuildConfiguration;
			buildSettings = {
				ALWAYS_EMBED_SWIFT_STANDARD_LIBRARIES = YES;
				CODE_SIGN_STYLE = Automatic;
				DEVELOPMENT_TEAM = 77QNKT8P7A;
				INFOPLIST_FILE = GoldTimeUITests/Info.plist;
				LD_RUNPATH_SEARCH_PATHS = (
					"$(inherited)",
					"@executable_path/Frameworks",
					"@loader_path/Frameworks",
				);
				PRODUCT_BUNDLE_IDENTIFIER = MH.GoldTimeUITests;
				PRODUCT_NAME = "$(TARGET_NAME)";
				SWIFT_VERSION = 5.0;
				TARGETED_DEVICE_FAMILY = "1,2";
				TEST_TARGET_NAME = GoldTime;
			};
			name = Debug;
		};
		61F6BB5C279AB05400E5BC68 /* Release */ = {
			isa = XCBuildConfiguration;
			buildSettings = {
				ALWAYS_EMBED_SWIFT_STANDARD_LIBRARIES = YES;
				CODE_SIGN_STYLE = Automatic;
				DEVELOPMENT_TEAM = 77QNKT8P7A;
				INFOPLIST_FILE = GoldTimeUITests/Info.plist;
				LD_RUNPATH_SEARCH_PATHS = (
					"$(inherited)",
					"@executable_path/Frameworks",
					"@loader_path/Frameworks",
				);
				PRODUCT_BUNDLE_IDENTIFIER = MH.GoldTimeUITests;
				PRODUCT_NAME = "$(TARGET_NAME)";
				SWIFT_VERSION = 5.0;
				TARGETED_DEVICE_FAMILY = "1,2";
				TEST_TARGET_NAME = GoldTime;
			};
			name = Release;
		};
/* End XCBuildConfiguration section */

/* Begin XCConfigurationList section */
		61F6BB25279AB05000E5BC68 /* Build configuration list for PBXProject "GoldTime" */ = {
			isa = XCConfigurationList;
			buildConfigurations = (
				61F6BB52279AB05400E5BC68 /* Debug */,
				61F6BB53279AB05400E5BC68 /* Release */,
			);
			defaultConfigurationIsVisible = 0;
			defaultConfigurationName = Release;
		};
		61F6BB54279AB05400E5BC68 /* Build configuration list for PBXNativeTarget "GoldTime" */ = {
			isa = XCConfigurationList;
			buildConfigurations = (
				61F6BB55279AB05400E5BC68 /* Debug */,
				61F6BB56279AB05400E5BC68 /* Release */,
			);
			defaultConfigurationIsVisible = 0;
			defaultConfigurationName = Release;
		};
		61F6BB57279AB05400E5BC68 /* Build configuration list for PBXNativeTarget "GoldTimeTests" */ = {
			isa = XCConfigurationList;
			buildConfigurations = (
				61F6BB58279AB05400E5BC68 /* Debug */,
				61F6BB59279AB05400E5BC68 /* Release */,
			);
			defaultConfigurationIsVisible = 0;
			defaultConfigurationName = Release;
		};
		61F6BB5A279AB05400E5BC68 /* Build configuration list for PBXNativeTarget "GoldTimeUITests" */ = {
			isa = XCConfigurationList;
			buildConfigurations = (
				61F6BB5B279AB05400E5BC68 /* Debug */,
				61F6BB5C279AB05400E5BC68 /* Release */,
			);
			defaultConfigurationIsVisible = 0;
			defaultConfigurationName = Release;
		};
/* End XCConfigurationList section */
	};
	rootObject = 61F6BB22279AB05000E5BC68 /* Project object */;
}
